
Microsoft Visual Studio Solution File, Format Version 12.00
# Visual Studio 14
VisualStudioVersion = 14.0.25420.1
MinimumVisualStudioVersion = 10.0.40219.1
Project("{FAE04EC0-301F-11D3-BF4B-00C04F79EFBC}") = "UIConsole", "UIConsole\UIConsole.csproj", "{7B3BC1D9-AD07-4034-B8E3-3524AAE9904B}"
EndProject
Project("{FAE04EC0-301F-11D3-BF4B-00C04F79EFBC}") = "Repositorio", "Repositorio\Repositorio.csproj", "{FADCA110-12D9-4B00-9ABA-5FB1D9217B77}"
EndProject
Project("{FAE04EC0-301F-11D3-BF4B-00C04F79EFBC}") = "Dominio", "Dominio\Dominio.csproj", "{64E6C108-4190-4D75-ADBC-CA9A2410DB7E}"
EndProject
Project("{FAE04EC0-301F-11D3-BF4B-00C04F79EFBC}") = "Aplicacao", "Aplicacao\Aplicacao.csproj", "{D68F18FF-C671-41EB-8F48-22F395610188}"
EndProject
Global
	GlobalSection(SolutionConfigurationPlatforms) = preSolution
		Debug|Any CPU = Debug|Any CPU
		Release|Any CPU = Release|Any CPU
	EndGlobalSection
	GlobalSection(ProjectConfigurationPlatforms) = postSolution
		{7B3BC1D9-AD07-4034-B8E3-3524AAE9904B}.Debug|Any CPU.ActiveCfg = Debug|Any CPU
		{7B3BC1D9-AD07-4034-B8E3-3524AAE9904B}.Debug|Any CPU.Build.0 = Debug|Any CPU
		{7B3BC1D9-AD07-4034-B8E3-3524AAE9904B}.Release|Any CPU.ActiveCfg = Release|Any CPU
		{7B3BC1D9-AD07-4034-B8E3-3524AAE9904B}.Release|Any CPU.Build.0 = Release|Any CPU
		{FADCA110-12D9-4B00-9ABA-5FB1D9217B77}.Debug|Any CPU.ActiveCfg = Debug|Any CPU
		{FADCA110-12D9-4B00-9ABA-5FB1D9217B77}.Debug|Any CPU.Build.0 = Debug|Any CPU
		{FADCA110-12D9-4B00-9ABA-5FB1D9217B77}.Release|Any CPU.ActiveCfg = Release|Any CPU
		{FADCA110-12D9-4B00-9ABA-5FB1D9217B77}.Release|Any CPU.Build.0 = Release|Any CPU
		{64E6C108-4190-4D75-ADBC-CA9A2410DB7E}.Debug|Any CPU.ActiveCfg = Debug|Any CPU
		{64E6C108-4190-4D75-ADBC-CA9A2410DB7E}.Debug|Any CPU.Build.0 = Debug|Any CPU
		{64E6C108-4190-4D75-ADBC-CA9A2410DB7E}.Release|Any CPU.ActiveCfg = Release|Any CPU
		{64E6C108-4190-4D75-ADBC-CA9A2410DB7E}.Release|Any CPU.Build.0 = Release|Any CPU
		{D68F18FF-C671-41EB-8F48-22F395610188}.Debug|Any CPU.ActiveCfg = Debug|Any CPU
		{D68F18FF-C671-41EB-8F48-22F395610188}.Debug|Any CPU.Build.0 = Debug|Any CPU
		{D68F18FF-C671-41EB-8F48-22F395610188}.Release|Any CPU.ActiveCfg = Release|Any CPU
		{D68F18FF-C671-41EB-8F48-22F395610188}.Release|Any CPU.Build.0 = Release|Any CPU
	EndGlobalSection
	GlobalSection(SolutionProperties) = preSolution
		HideSolutionNode = FALSE
	EndGlobalSection
EndGlobal
